// !$*UTF8*$!
{
	archiveVersion = 1;
	classes = {
	};
	objectVersion = 51;
	objects = {

/* Begin PBXBuildFile section */
		09D5F592E69643F763BD80EC /* Pods_flixterTests.framework in Frameworks */ = {isa = PBXBuildFile; fileRef = F01D833BD13E556E7E928738 /* Pods_flixterTests.framework */; };
		334080AEFE1B5E39DF698CA1 /* Pods_flixter.framework in Frameworks */ = {isa = PBXBuildFile; fileRef = 35E89D5E6ED421A850569355 /* Pods_flixter.framework */; };
		A15F271325E44D11001D4EB4 /* MovieDetailsViewController.swift in Sources */ = {isa = PBXBuildFile; fileRef = A15F271225E44D11001D4EB4 /* MovieDetailsViewController.swift */; };
		A15F271825E45DBF001D4EB4 /* MovieGridViewController.swift in Sources */ = {isa = PBXBuildFile; fileRef = A15F271725E45DBF001D4EB4 /* MovieGridViewController.swift */; };
		A15F271D25E4648D001D4EB4 /* MovieGridCell.swift in Sources */ = {isa = PBXBuildFile; fileRef = A15F271C25E4648D001D4EB4 /* MovieGridCell.swift */; };
		A1A6387E25DB587C00839952 /* AppDelegate.swift in Sources */ = {isa = PBXBuildFile; fileRef = A1A6387D25DB587C00839952 /* AppDelegate.swift */; };
		A1A6388025DB587C00839952 /* SceneDelegate.swift in Sources */ = {isa = PBXBuildFile; fileRef = A1A6387F25DB587C00839952 /* SceneDelegate.swift */; };
		A1A6388525DB587C00839952 /* Main.storyboard in Resources */ = {isa = PBXBuildFile; fileRef = A1A6388325DB587C00839952 /* Main.storyboard */; };
		A1A6388725DB588100839952 /* Assets.xcassets in Resources */ = {isa = PBXBuildFile; fileRef = A1A6388625DB588100839952 /* Assets.xcassets */; };
		A1A6388A25DB588100839952 /* LaunchScreen.storyboard in Resources */ = {isa = PBXBuildFile; fileRef = A1A6388825DB588100839952 /* LaunchScreen.storyboard */; };
		A1A6389525DB588200839952 /* flixterTests.swift in Sources */ = {isa = PBXBuildFile; fileRef = A1A6389425DB588200839952 /* flixterTests.swift */; };
		A1A638A025DB588200839952 /* flixterUITests.swift in Sources */ = {isa = PBXBuildFile; fileRef = A1A6389F25DB588200839952 /* flixterUITests.swift */; };
		A1A638B425DB5B4700839952 /* MoviesViewController.swift in Sources */ = {isa = PBXBuildFile; fileRef = A1A638B325DB5B4700839952 /* MoviesViewController.swift */; };
		A1A638B925DB6FB200839952 /* MovieCell.swift in Sources */ = {isa = PBXBuildFile; fileRef = A1A638B825DB6FB200839952 /* MovieCell.swift */; };
		FC3DF100770981E0DB9D3660 /* Pods_flixter_flixterUITests.framework in Frameworks */ = {isa = PBXBuildFile; fileRef = 7ECFD590F32CC7B812CAB77A /* Pods_flixter_flixterUITests.framework */; };
/* End PBXBuildFile section */

/* Begin PBXContainerItemProxy section */
		A1A6389125DB588200839952 /* PBXContainerItemProxy */ = {
			isa = PBXContainerItemProxy;
			containerPortal = A1A6387225DB587C00839952 /* Project object */;
			proxyType = 1;
			remoteGlobalIDString = A1A6387925DB587C00839952;
			remoteInfo = flixter;
		};
		A1A6389C25DB588200839952 /* PBXContainerItemProxy */ = {
			isa = PBXContainerItemProxy;
			containerPortal = A1A6387225DB587C00839952 /* Project object */;
			proxyType = 1;
			remoteGlobalIDString = A1A6387925DB587C00839952;
			remoteInfo = flixter;
		};
/* End PBXContainerItemProxy section */

/* Begin PBXFileReference section */
		308FC6792F1C5C3ED2592502 /* Pods-flixter-flixterUITests.debug.xcconfig */ = {isa = PBXFileReference; includeInIndex = 1; lastKnownFileType = text.xcconfig; name = "Pods-flixter-flixterUITests.debug.xcconfig"; path = "Target Support Files/Pods-flixter-flixterUITests/Pods-flixter-flixterUITests.debug.xcconfig"; sourceTree = "<group>"; };
		35E89D5E6ED421A850569355 /* Pods_flixter.framework */ = {isa = PBXFileReference; explicitFileType = wrapper.framework; includeInIndex = 0; path = Pods_flixter.framework; sourceTree = BUILT_PRODUCTS_DIR; };
		7E7057C634E79C3047043002 /* Pods-flixter.debug.xcconfig */ = {isa = PBXFileReference; includeInIndex = 1; lastKnownFileType = text.xcconfig; name = "Pods-flixter.debug.xcconfig"; path = "Target Support Files/Pods-flixter/Pods-flixter.debug.xcconfig"; sourceTree = "<group>"; };
		7ECFD590F32CC7B812CAB77A /* Pods_flixter_flixterUITests.framework */ = {isa = PBXFileReference; explicitFileType = wrapper.framework; includeInIndex = 0; path = Pods_flixter_flixterUITests.framework; sourceTree = BUILT_PRODUCTS_DIR; };
		96857DD2B53EC1BF02321D27 /* Pods-flixter-flixterUITests.release.xcconfig */ = {isa = PBXFileReference; includeInIndex = 1; lastKnownFileType = text.xcconfig; name = "Pods-flixter-flixterUITests.release.xcconfig"; path = "Target Support Files/Pods-flixter-flixterUITests/Pods-flixter-flixterUITests.release.xcconfig"; sourceTree = "<group>"; };
		A15F271225E44D11001D4EB4 /* MovieDetailsViewController.swift */ = {isa = PBXFileReference; lastKnownFileType = sourcecode.swift; path = MovieDetailsViewController.swift; sourceTree = "<group>"; };
		A15F271725E45DBF001D4EB4 /* MovieGridViewController.swift */ = {isa = PBXFileReference; lastKnownFileType = sourcecode.swift; path = MovieGridViewController.swift; sourceTree = "<group>"; };
		A15F271C25E4648D001D4EB4 /* MovieGridCell.swift */ = {isa = PBXFileReference; lastKnownFileType = sourcecode.swift; path = MovieGridCell.swift; sourceTree = "<group>"; };
		A1A6387A25DB587C00839952 /* flixter.app */ = {isa = PBXFileReference; explicitFileType = wrapper.application; includeInIndex = 0; path = flixter.app; sourceTree = BUILT_PRODUCTS_DIR; };
		A1A6387D25DB587C00839952 /* AppDelegate.swift */ = {isa = PBXFileReference; lastKnownFileType = sourcecode.swift; path = AppDelegate.swift; sourceTree = "<group>"; };
		A1A6387F25DB587C00839952 /* SceneDelegate.swift */ = {isa = PBXFileReference; lastKnownFileType = sourcecode.swift; path = SceneDelegate.swift; sourceTree = "<group>"; };
		A1A6388425DB587C00839952 /* Base */ = {isa = PBXFileReference; lastKnownFileType = file.storyboard; name = Base; path = Base.lproj/Main.storyboard; sourceTree = "<group>"; };
		A1A6388625DB588100839952 /* Assets.xcassets */ = {isa = PBXFileReference; lastKnownFileType = folder.assetcatalog; path = Assets.xcassets; sourceTree = "<group>"; };
		A1A6388925DB588100839952 /* Base */ = {isa = PBXFileReference; lastKnownFileType = file.storyboard; name = Base; path = Base.lproj/LaunchScreen.storyboard; sourceTree = "<group>"; };
		A1A6388B25DB588100839952 /* Info.plist */ = {isa = PBXFileReference; lastKnownFileType = text.plist.xml; path = Info.plist; sourceTree = "<group>"; };
		A1A6389025DB588200839952 /* flixterTests.xctest */ = {isa = PBXFileReference; explicitFileType = wrapper.cfbundle; includeInIndex = 0; path = flixterTests.xctest; sourceTree = BUILT_PRODUCTS_DIR; };
		A1A6389425DB588200839952 /* flixterTests.swift */ = {isa = PBXFileReference; lastKnownFileType = sourcecode.swift; path = flixterTests.swift; sourceTree = "<group>"; };
		A1A6389625DB588200839952 /* Info.plist */ = {isa = PBXFileReference; lastKnownFileType = text.plist.xml; path = Info.plist; sourceTree = "<group>"; };
		A1A6389B25DB588200839952 /* flixterUITests.xctest */ = {isa = PBXFileReference; explicitFileType = wrapper.cfbundle; includeInIndex = 0; path = flixterUITests.xctest; sourceTree = BUILT_PRODUCTS_DIR; };
		A1A6389F25DB588200839952 /* flixterUITests.swift */ = {isa = PBXFileReference; lastKnownFileType = sourcecode.swift; path = flixterUITests.swift; sourceTree = "<group>"; };
		A1A638A125DB588200839952 /* Info.plist */ = {isa = PBXFileReference; lastKnownFileType = text.plist.xml; path = Info.plist; sourceTree = "<group>"; };
		A1A638B325DB5B4700839952 /* MoviesViewController.swift */ = {isa = PBXFileReference; lastKnownFileType = sourcecode.swift; path = MoviesViewController.swift; sourceTree = "<group>"; };
		A1A638B825DB6FB200839952 /* MovieCell.swift */ = {isa = PBXFileReference; lastKnownFileType = sourcecode.swift; path = MovieCell.swift; sourceTree = "<group>"; };
		B85A34C801A5306C3D9AAF82 /* Pods-flixter.release.xcconfig */ = {isa = PBXFileReference; includeInIndex = 1; lastKnownFileType = text.xcconfig; name = "Pods-flixter.release.xcconfig"; path = "Target Support Files/Pods-flixter/Pods-flixter.release.xcconfig"; sourceTree = "<group>"; };
		D722CA16C9DD378BCD97E635 /* Pods-flixterTests.release.xcconfig */ = {isa = PBXFileReference; includeInIndex = 1; lastKnownFileType = text.xcconfig; name = "Pods-flixterTests.release.xcconfig"; path = "Target Support Files/Pods-flixterTests/Pods-flixterTests.release.xcconfig"; sourceTree = "<group>"; };
		DA315A090B3D56C212F3573E /* Pods-flixterTests.debug.xcconfig */ = {isa = PBXFileReference; includeInIndex = 1; lastKnownFileType = text.xcconfig; name = "Pods-flixterTests.debug.xcconfig"; path = "Target Support Files/Pods-flixterTests/Pods-flixterTests.debug.xcconfig"; sourceTree = "<group>"; };
		F01D833BD13E556E7E928738 /* Pods_flixterTests.framework */ = {isa = PBXFileReference; explicitFileType = wrapper.framework; includeInIndex = 0; path = Pods_flixterTests.framework; sourceTree = BUILT_PRODUCTS_DIR; };
/* End PBXFileReference section */

/* Begin PBXFrameworksBuildPhase section */
		A1A6387725DB587C00839952 /* Frameworks */ = {
			isa = PBXFrameworksBuildPhase;
			buildActionMask = 2147483647;
			files = (
				334080AEFE1B5E39DF698CA1 /* Pods_flixter.framework in Frameworks */,
			);
			runOnlyForDeploymentPostprocessing = 0;
		};
		A1A6388D25DB588100839952 /* Frameworks */ = {
			isa = PBXFrameworksBuildPhase;
			buildActionMask = 2147483647;
			files = (
				09D5F592E69643F763BD80EC /* Pods_flixterTests.framework in Frameworks */,
			);
			runOnlyForDeploymentPostprocessing = 0;
		};
		A1A6389825DB588200839952 /* Frameworks */ = {
			isa = PBXFrameworksBuildPhase;
			buildActionMask = 2147483647;
			files = (
				FC3DF100770981E0DB9D3660 /* Pods_flixter_flixterUITests.framework in Frameworks */,
			);
			runOnlyForDeploymentPostprocessing = 0;
		};
/* End PBXFrameworksBuildPhase section */

/* Begin PBXGroup section */
		0FCD2ACC634489FE5B621651 /* Frameworks */ = {
			isa = PBXGroup;
			children = (
				35E89D5E6ED421A850569355 /* Pods_flixter.framework */,
				7ECFD590F32CC7B812CAB77A /* Pods_flixter_flixterUITests.framework */,
				F01D833BD13E556E7E928738 /* Pods_flixterTests.framework */,
			);
			name = Frameworks;
			sourceTree = "<group>";
		};
		1BDF3918C98C4BD1C415CB9B /* Pods */ = {
			isa = PBXGroup;
			children = (
				7E7057C634E79C3047043002 /* Pods-flixter.debug.xcconfig */,
				B85A34C801A5306C3D9AAF82 /* Pods-flixter.release.xcconfig */,
				308FC6792F1C5C3ED2592502 /* Pods-flixter-flixterUITests.debug.xcconfig */,
				96857DD2B53EC1BF02321D27 /* Pods-flixter-flixterUITests.release.xcconfig */,
				DA315A090B3D56C212F3573E /* Pods-flixterTests.debug.xcconfig */,
				D722CA16C9DD378BCD97E635 /* Pods-flixterTests.release.xcconfig */,
			);
			path = Pods;
			sourceTree = "<group>";
		};
		A1A6387125DB587C00839952 = {
			isa = PBXGroup;
			children = (
				A1A6387C25DB587C00839952 /* flixter */,
				A1A6389325DB588200839952 /* flixterTests */,
				A1A6389E25DB588200839952 /* flixterUITests */,
				A1A6387B25DB587C00839952 /* Products */,
				1BDF3918C98C4BD1C415CB9B /* Pods */,
				0FCD2ACC634489FE5B621651 /* Frameworks */,
			);
			sourceTree = "<group>";
		};
		A1A6387B25DB587C00839952 /* Products */ = {
			isa = PBXGroup;
			children = (
				A1A6387A25DB587C00839952 /* flixter.app */,
				A1A6389025DB588200839952 /* flixterTests.xctest */,
				A1A6389B25DB588200839952 /* flixterUITests.xctest */,
			);
			name = Products;
			sourceTree = "<group>";
		};
		A1A6387C25DB587C00839952 /* flixter */ = {
			isa = PBXGroup;
			children = (
				A1A6387D25DB587C00839952 /* AppDelegate.swift */,
				A1A6387F25DB587C00839952 /* SceneDelegate.swift */,
				A1A6388325DB587C00839952 /* Main.storyboard */,
				A1A6388625DB588100839952 /* Assets.xcassets */,
				A1A6388825DB588100839952 /* LaunchScreen.storyboard */,
				A1A6388B25DB588100839952 /* Info.plist */,
				A1A638B325DB5B4700839952 /* MoviesViewController.swift */,
				A1A638B825DB6FB200839952 /* MovieCell.swift */,
				A15F271225E44D11001D4EB4 /* MovieDetailsViewController.swift */,
				A15F271725E45DBF001D4EB4 /* MovieGridViewController.swift */,
				A15F271C25E4648D001D4EB4 /* MovieGridCell.swift */,
			);
			path = flixter;
			sourceTree = "<group>";
		};
		A1A6389325DB588200839952 /* flixterTests */ = {
			isa = PBXGroup;
			children = (
				A1A6389425DB588200839952 /* flixterTests.swift */,
				A1A6389625DB588200839952 /* Info.plist */,
			);
			path = flixterTests;
			sourceTree = "<group>";
		};
		A1A6389E25DB588200839952 /* flixterUITests */ = {
			isa = PBXGroup;
			children = (
				A1A6389F25DB588200839952 /* flixterUITests.swift */,
				A1A638A125DB588200839952 /* Info.plist */,
			);
			path = flixterUITests;
			sourceTree = "<group>";
		};
/* End PBXGroup section */

/* Begin PBXNativeTarget section */
		A1A6387925DB587C00839952 /* flixter */ = {
			isa = PBXNativeTarget;
			buildConfigurationList = A1A638A425DB588200839952 /* Build configuration list for PBXNativeTarget "flixter" */;
			buildPhases = (
				136CE4F516198039C8EF7E2C /* [CP] Check Pods Manifest.lock */,
				A1A6387625DB587C00839952 /* Sources */,
				A1A6387725DB587C00839952 /* Frameworks */,
				A1A6387825DB587C00839952 /* Resources */,
				071AD54B3FDD956EDDC198AD /* [CP] Embed Pods Frameworks */,
			);
			buildRules = (
			);
			dependencies = (
			);
			name = flixter;
			productName = flixter;
			productReference = A1A6387A25DB587C00839952 /* flixter.app */;
			productType = "com.apple.product-type.application";
		};
		A1A6388F25DB588100839952 /* flixterTests */ = {
			isa = PBXNativeTarget;
			buildConfigurationList = A1A638A725DB588200839952 /* Build configuration list for PBXNativeTarget "flixterTests" */;
			buildPhases = (
				FE051E05AA8BEABB0FDBBC73 /* [CP] Check Pods Manifest.lock */,
				A1A6388C25DB588100839952 /* Sources */,
				A1A6388D25DB588100839952 /* Frameworks */,
				A1A6388E25DB588100839952 /* Resources */,
			);
			buildRules = (
			);
			dependencies = (
				A1A6389225DB588200839952 /* PBXTargetDependency */,
			);
			name = flixterTests;
			productName = flixterTests;
			productReference = A1A6389025DB588200839952 /* flixterTests.xctest */;
			productType = "com.apple.product-type.bundle.unit-test";
		};
		A1A6389A25DB588200839952 /* flixterUITests */ = {
			isa = PBXNativeTarget;
			buildConfigurationList = A1A638AA25DB588200839952 /* Build configuration list for PBXNativeTarget "flixterUITests" */;
			buildPhases = (
				33306D2840FD116AA75D9C7E /* [CP] Check Pods Manifest.lock */,
				A1A6389725DB588200839952 /* Sources */,
				A1A6389825DB588200839952 /* Frameworks */,
				A1A6389925DB588200839952 /* Resources */,
				09AE21B053A369D067A8AC82 /* [CP] Embed Pods Frameworks */,
			);
			buildRules = (
			);
			dependencies = (
				A1A6389D25DB588200839952 /* PBXTargetDependency */,
			);
			name = flixterUITests;
			productName = flixterUITests;
			productReference = A1A6389B25DB588200839952 /* flixterUITests.xctest */;
			productType = "com.apple.product-type.bundle.ui-testing";
		};
/* End PBXNativeTarget section */

/* Begin PBXProject section */
		A1A6387225DB587C00839952 /* Project object */ = {
			isa = PBXProject;
			attributes = {
				LastSwiftUpdateCheck = 1240;
				LastUpgradeCheck = 1240;
				TargetAttributes = {
					A1A6387925DB587C00839952 = {
						CreatedOnToolsVersion = 12.4;
					};
					A1A6388F25DB588100839952 = {
						CreatedOnToolsVersion = 12.4;
						TestTargetID = A1A6387925DB587C00839952;
					};
					A1A6389A25DB588200839952 = {
						CreatedOnToolsVersion = 12.4;
						TestTargetID = A1A6387925DB587C00839952;
					};
				};
			};
			buildConfigurationList = A1A6387525DB587C00839952 /* Build configuration list for PBXProject "flixter" */;
			compatibilityVersion = "Xcode 9.3";
			developmentRegion = en;
			hasScannedForEncodings = 0;
			knownRegions = (
				en,
				Base,
			);
			mainGroup = A1A6387125DB587C00839952;
			productRefGroup = A1A6387B25DB587C00839952 /* Products */;
			projectDirPath = "";
			projectRoot = "";
			targets = (
				A1A6387925DB587C00839952 /* flixter */,
				A1A6388F25DB588100839952 /* flixterTests */,
				A1A6389A25DB588200839952 /* flixterUITests */,
			);
		};
/* End PBXProject section */

/* Begin PBXResourcesBuildPhase section */
		A1A6387825DB587C00839952 /* Resources */ = {
			isa = PBXResourcesBuildPhase;
			buildActionMask = 2147483647;
			files = (
				A1A6388A25DB588100839952 /* LaunchScreen.storyboard in Resources */,
				A1A6388725DB588100839952 /* Assets.xcassets in Resources */,
				A1A6388525DB587C00839952 /* Main.storyboard in Resources */,
			);
			runOnlyForDeploymentPostprocessing = 0;
		};
		A1A6388E25DB588100839952 /* Resources */ = {
			isa = PBXResourcesBuildPhase;
			buildActionMask = 2147483647;
			files = (
			);
			runOnlyForDeploymentPostprocessing = 0;
		};
		A1A6389925DB588200839952 /* Resources */ = {
			isa = PBXResourcesBuildPhase;
			buildActionMask = 2147483647;
			files = (
			);
			runOnlyForDeploymentPostprocessing = 0;
		};
/* End PBXResourcesBuildPhase section */

/* Begin PBXShellScriptBuildPhase section */
		071AD54B3FDD956EDDC198AD /* [CP] Embed Pods Frameworks */ = {
			isa = PBXShellScriptBuildPhase;
			buildActionMask = 2147483647;
			files = (
			);
			inputFileListPaths = (
				"${PODS_ROOT}/Target Support Files/Pods-flixter/Pods-flixter-frameworks-${CONFIGURATION}-input-files.xcfilelist",
			);
			name = "[CP] Embed Pods Frameworks";
			outputFileListPaths = (
				"${PODS_ROOT}/Target Support Files/Pods-flixter/Pods-flixter-frameworks-${CONFIGURATION}-output-files.xcfilelist",
			);
			runOnlyForDeploymentPostprocessing = 0;
			shellPath = /bin/sh;
			shellScript = "\"${PODS_ROOT}/Target Support Files/Pods-flixter/Pods-flixter-frameworks.sh\"\n";
			showEnvVarsInLog = 0;
		};
		09AE21B053A369D067A8AC82 /* [CP] Embed Pods Frameworks */ = {
			isa = PBXShellScriptBuildPhase;
			buildActionMask = 2147483647;
			files = (
			);
			inputFileListPaths = (
				"${PODS_ROOT}/Target Support Files/Pods-flixter-flixterUITests/Pods-flixter-flixterUITests-frameworks-${CONFIGURATION}-input-files.xcfilelist",
			);
			name = "[CP] Embed Pods Frameworks";
			outputFileListPaths = (
				"${PODS_ROOT}/Target Support Files/Pods-flixter-flixterUITests/Pods-flixter-flixterUITests-frameworks-${CONFIGURATION}-output-files.xcfilelist",
			);
			runOnlyForDeploymentPostprocessing = 0;
			shellPath = /bin/sh;
			shellScript = "\"${PODS_ROOT}/Target Support Files/Pods-flixter-flixterUITests/Pods-flixter-flixterUITests-frameworks.sh\"\n";
			showEnvVarsInLog = 0;
		};
		136CE4F516198039C8EF7E2C /* [CP] Check Pods Manifest.lock */ = {
			isa = PBXShellScriptBuildPhase;
			buildActionMask = 2147483647;
			files = (
			);
			inputFileListPaths = (
			);
			inputPaths = (
				"${PODS_PODFILE_DIR_PATH}/Podfile.lock",
				"${PODS_ROOT}/Manifest.lock",
			);
			name = "[CP] Check Pods Manifest.lock";
			outputFileListPaths = (
			);
			outputPaths = (
				"$(DERIVED_FILE_DIR)/Pods-flixter-checkManifestLockResult.txt",
			);
			runOnlyForDeploymentPostprocessing = 0;
			shellPath = /bin/sh;
			shellScript = "diff \"${PODS_PODFILE_DIR_PATH}/Podfile.lock\" \"${PODS_ROOT}/Manifest.lock\" > /dev/null\nif [ $? != 0 ] ; then\n    # print error to STDERR\n    echo \"error: The sandbox is not in sync with the Podfile.lock. Run 'pod install' or update your CocoaPods installation.\" >&2\n    exit 1\nfi\n# This output is used by Xcode 'outputs' to avoid re-running this script phase.\necho \"SUCCESS\" > \"${SCRIPT_OUTPUT_FILE_0}\"\n";
			showEnvVarsInLog = 0;
		};
		33306D2840FD116AA75D9C7E /* [CP] Check Pods Manifest.lock */ = {
			isa = PBXShellScriptBuildPhase;
			buildActionMask = 2147483647;
			files = (
			);
			inputFileListPaths = (
			);
			inputPaths = (
				"${PODS_PODFILE_DIR_PATH}/Podfile.lock",
				"${PODS_ROOT}/Manifest.lock",
			);
			name = "[CP] Check Pods Manifest.lock";
			outputFileListPaths = (
			);
			outputPaths = (
				"$(DERIVED_FILE_DIR)/Pods-flixter-flixterUITests-checkManifestLockResult.txt",
			);
			runOnlyForDeploymentPostprocessing = 0;
			shellPath = /bin/sh;
			shellScript = "diff \"${PODS_PODFILE_DIR_PATH}/Podfile.lock\" \"${PODS_ROOT}/Manifest.lock\" > /dev/null\nif [ $? != 0 ] ; then\n    # print error to STDERR\n    echo \"error: The sandbox is not in sync with the Podfile.lock. Run 'pod install' or update your CocoaPods installation.\" >&2\n    exit 1\nfi\n# This output is used by Xcode 'outputs' to avoid re-running this script phase.\necho \"SUCCESS\" > \"${SCRIPT_OUTPUT_FILE_0}\"\n";
			showEnvVarsInLog = 0;
		};
		FE051E05AA8BEABB0FDBBC73 /* [CP] Check Pods Manifest.lock */ = {
			isa = PBXShellScriptBuildPhase;
			buildActionMask = 2147483647;
			files = (
			);
			inputFileListPaths = (
			);
			inputPaths = (
				"${PODS_PODFILE_DIR_PATH}/Podfile.lock",
				"${PODS_ROOT}/Manifest.lock",
			);
			name = "[CP] Check Pods Manifest.lock";
			outputFileListPaths = (
			);
			outputPaths = (
				"$(DERIVED_FILE_DIR)/Pods-flixterTests-checkManifestLockResult.txt",
			);
			runOnlyForDeploymentPostprocessing = 0;
			shellPath = /bin/sh;
			shellScript = "diff \"${PODS_PODFILE_DIR_PATH}/Podfile.lock\" \"${PODS_ROOT}/Manifest.lock\" > /dev/null\nif [ $? != 0 ] ; then\n    # print error to STDERR\n    echo \"error: The sandbox is not in sync with the Podfile.lock. Run 'pod install' or update your CocoaPods installation.\" >&2\n    exit 1\nfi\n# This output is used by Xcode 'outputs' to avoid re-running this script phase.\necho \"SUCCESS\" > \"${SCRIPT_OUTPUT_FILE_0}\"\n";
			showEnvVarsInLog = 0;
		};
/* End PBXShellScriptBuildPhase section */

/* Begin PBXSourcesBuildPhase section */
		A1A6387625DB587C00839952 /* Sources */ = {
			isa = PBXSourcesBuildPhase;
			buildActionMask = 2147483647;
			files = (
				A15F271325E44D11001D4EB4 /* MovieDetailsViewController.swift in Sources */,
				A1A6387E25DB587C00839952 /* AppDelegate.swift in Sources */,
				A1A6388025DB587C00839952 /* SceneDelegate.swift in Sources */,
				A1A638B925DB6FB200839952 /* MovieCell.swift in Sources */,
				A1A638B425DB5B4700839952 /* MoviesViewController.swift in Sources */,
				A15F271825E45DBF001D4EB4 /* MovieGridViewController.swift in Sources */,
				A15F271D25E4648D001D4EB4 /* MovieGridCell.swift in Sources */,
			);
			runOnlyForDeploymentPostprocessing = 0;
		};
		A1A6388C25DB588100839952 /* Sources */ = {
			isa = PBXSourcesBuildPhase;
			buildActionMask = 2147483647;
			files = (
				A1A6389525DB588200839952 /* flixterTests.swift in Sources */,
			);
			runOnlyForDeploymentPostprocessing = 0;
		};
		A1A6389725DB588200839952 /* Sources */ = {
			isa = PBXSourcesBuildPhase;
			buildActionMask = 2147483647;
			files = (
				A1A638A025DB588200839952 /* flixterUITests.swift in Sources */,
			);
			runOnlyForDeploymentPostprocessing = 0;
		};
/* End PBXSourcesBuildPhase section */

/* Begin PBXTargetDependency section */
		A1A6389225DB588200839952 /* PBXTargetDependency */ = {
			isa = PBXTargetDependency;
			target = A1A6387925DB587C00839952 /* flixter */;
			targetProxy = A1A6389125DB588200839952 /* PBXContainerItemProxy */;
		};
		A1A6389D25DB588200839952 /* PBXTargetDependency */ = {
			isa = PBXTargetDependency;
			target = A1A6387925DB587C00839952 /* flixter */;
			targetProxy = A1A6389C25DB588200839952 /* PBXContainerItemProxy */;
		};
/* End PBXTargetDependency section */

/* Begin PBXVariantGroup section */
		A1A6388325DB587C00839952 /* Main.storyboard */ = {
			isa = PBXVariantGroup;
			children = (
				A1A6388425DB587C00839952 /* Base */,
			);
			name = Main.storyboard;
			sourceTree = "<group>";
		};
		A1A6388825DB588100839952 /* LaunchScreen.storyboard */ = {
			isa = PBXVariantGroup;
			children = (
				A1A6388925DB588100839952 /* Base */,
			);
			name = LaunchScreen.storyboard;
			sourceTree = "<group>";
		};
/* End PBXVariantGroup section */

/* Begin XCBuildConfiguration section */
		A1A638A225DB588200839952 /* Debug */ = {
			isa = XCBuildConfiguration;
			buildSettings = {
				ALWAYS_SEARCH_USER_PATHS = NO;
				CLANG_ANALYZER_NONNULL = YES;
				CLANG_ANALYZER_NUMBER_OBJECT_CONVERSION = YES_AGGRESSIVE;
				CLANG_CXX_LANGUAGE_STANDARD = "gnu++14";
				CLANG_CXX_LIBRARY = "libc++";
				CLANG_ENABLE_MODULES = YES;
				CLANG_ENABLE_OBJC_ARC = YES;
				CLANG_ENABLE_OBJC_WEAK = YES;
				CLANG_WARN_BLOCK_CAPTURE_AUTORELEASING = YES;
				CLANG_WARN_BOOL_CONVERSION = YES;
				CLANG_WARN_COMMA = YES;
				CLANG_WARN_CONSTANT_CONVERSION = YES;
				CLANG_WARN_DEPRECATED_OBJC_IMPLEMENTATIONS = YES;
				CLANG_WARN_DIRECT_OBJC_ISA_USAGE = YES_ERROR;
				CLANG_WARN_DOCUMENTATION_COMMENTS = YES;
				CLANG_WARN_EMPTY_BODY = YES;
				CLANG_WARN_ENUM_CONVERSION = YES;
				CLANG_WARN_INFINITE_RECURSION = YES;
				CLANG_WARN_INT_CONVERSION = YES;
				CLANG_WARN_NON_LITERAL_NULL_CONVERSION = YES;
				CLANG_WARN_OBJC_IMPLICIT_RETAIN_SELF = YES;
				CLANG_WARN_OBJC_LITERAL_CONVERSION = YES;
				CLANG_WARN_OBJC_ROOT_CLASS = YES_ERROR;
				CLANG_WARN_QUOTED_INCLUDE_IN_FRAMEWORK_HEADER = YES;
				CLANG_WARN_RANGE_LOOP_ANALYSIS = YES;
				CLANG_WARN_STRICT_PROTOTYPES = YES;
				CLANG_WARN_SUSPICIOUS_MOVE = YES;
				CLANG_WARN_UNGUARDED_AVAILABILITY = YES_AGGRESSIVE;
				CLANG_WARN_UNREACHABLE_CODE = YES;
				CLANG_WARN__DUPLICATE_METHOD_MATCH = YES;
				COPY_PHASE_STRIP = NO;
				DEBUG_INFORMATION_FORMAT = dwarf;
				ENABLE_STRICT_OBJC_MSGSEND = YES;
				ENABLE_TESTABILITY = YES;
				GCC_C_LANGUAGE_STANDARD = gnu11;
				GCC_DYNAMIC_NO_PIC = NO;
				GCC_NO_COMMON_BLOCKS = YES;
				GCC_OPTIMIZATION_LEVEL = 0;
				GCC_PREPROCESSOR_DEFINITIONS = (
					"DEBUG=1",
					"$(inherited)",
				);
				GCC_WARN_64_TO_32_BIT_CONVERSION = YES;
				GCC_WARN_ABOUT_RETURN_TYPE = YES_ERROR;
				GCC_WARN_UNDECLARED_SELECTOR = YES;
				GCC_WARN_UNINITIALIZED_AUTOS = YES_AGGRESSIVE;
				GCC_WARN_UNUSED_FUNCTION = YES;
				GCC_WARN_UNUSED_VARIABLE = YES;
				IPHONEOS_DEPLOYMENT_TARGET = 14.4;
				MTL_ENABLE_DEBUG_INFO = INCLUDE_SOURCE;
				MTL_FAST_MATH = YES;
				ONLY_ACTIVE_ARCH = YES;
				SDKROOT = iphoneos;
				SWIFT_ACTIVE_COMPILATION_CONDITIONS = DEBUG;
				SWIFT_OPTIMIZATION_LEVEL = "-Onone";
			};
			name = Debug;
		};
		A1A638A325DB588200839952 /* Release */ = {
			isa = XCBuildConfiguration;
			buildSettings = {
				ALWAYS_SEARCH_USER_PATHS = NO;
				CLANG_ANALYZER_NONNULL = YES;
				CLANG_ANALYZER_NUMBER_OBJECT_CONVERSION = YES_AGGRESSIVE;
				CLANG_CXX_LANGUAGE_STANDARD = "gnu++14";
				CLANG_CXX_LIBRARY = "libc++";
				CLANG_ENABLE_MODULES = YES;
				CLANG_ENABLE_OBJC_ARC = YES;
				CLANG_ENABLE_OBJC_WEAK = YES;
				CLANG_WARN_BLOCK_CAPTURE_AUTORELEASING = YES;
				CLANG_WARN_BOOL_CONVERSION = YES;
				CLANG_WARN_COMMA = YES;
				CLANG_WARN_CONSTANT_CONVERSION = YES;
				CLANG_WARN_DEPRECATED_OBJC_IMPLEMENTATIONS = YES;
				CLANG_WARN_DIRECT_OBJC_ISA_USAGE = YES_ERROR;
				CLANG_WARN_DOCUMENTATION_COMMENTS = YES;
				CLANG_WARN_EMPTY_BODY = YES;
				CLANG_WARN_ENUM_CONVERSION = YES;
				CLANG_WARN_INFINITE_RECURSION = YES;
				CLANG_WARN_INT_CONVERSION = YES;
				CLANG_WARN_NON_LITERAL_NULL_CONVERSION = YES;
				CLANG_WARN_OBJC_IMPLICIT_RETAIN_SELF = YES;
				CLANG_WARN_OBJC_LITERAL_CONVERSION = YES;
				CLANG_WARN_OBJC_ROOT_CLASS = YES_ERROR;
				CLANG_WARN_QUOTED_INCLUDE_IN_FRAMEWORK_HEADER = YES;
				CLANG_WARN_RANGE_LOOP_ANALYSIS = YES;
				CLANG_WARN_STRICT_PROTOTYPES = YES;
				CLANG_WARN_SUSPICIOUS_MOVE = YES;
				CLANG_WARN_UNGUARDED_AVAILABILITY = YES_AGGRESSIVE;
				CLANG_WARN_UNREACHABLE_CODE = YES;
				CLANG_WARN__DUPLICATE_METHOD_MATCH = YES;
				COPY_PHASE_STRIP = NO;
				DEBUG_INFORMATION_FORMAT = "dwarf-with-dsym";
				ENABLE_NS_ASSERTIONS = NO;
				ENABLE_STRICT_OBJC_MSGSEND = YES;
				GCC_C_LANGUAGE_STANDARD = gnu11;
				GCC_NO_COMMON_BLOCKS = YES;
				GCC_WARN_64_TO_32_BIT_CONVERSION = YES;
				GCC_WARN_ABOUT_RETURN_TYPE = YES_ERROR;
				GCC_WARN_UNDECLARED_SELECTOR = YES;
				GCC_WARN_UNINITIALIZED_AUTOS = YES_AGGRESSIVE;
				GCC_WARN_UNUSED_FUNCTION = YES;
				GCC_WARN_UNUSED_VARIABLE = YES;
				IPHONEOS_DEPLOYMENT_TARGET = 14.4;
				MTL_ENABLE_DEBUG_INFO = NO;
				MTL_FAST_MATH = YES;
				SDKROOT = iphoneos;
				SWIFT_COMPILATION_MODE = wholemodule;
				SWIFT_OPTIMIZATION_LEVEL = "-O";
				VALIDATE_PRODUCT = YES;
			};
			name = Release;
		};
		A1A638A525DB588200839952 /* Debug */ = {
			isa = XCBuildConfiguration;
			baseConfigurationReference = 7E7057C634E79C3047043002 /* Pods-flixter.debug.xcconfig */;
			buildSettings = {
				ASSETCATALOG_COMPILER_APPICON_NAME = AppIcon;
				ASSETCATALOG_COMPILER_GLOBAL_ACCENT_COLOR_NAME = AccentColor;
				CODE_SIGN_STYLE = Automatic;
				INFOPLIST_FILE = flixter/Info.plist;
				LD_RUNPATH_SEARCH_PATHS = (
					"$(inherited)",
					"@executable_path/Frameworks",
				);
				PRODUCT_BUNDLE_IDENTIFIER = com.appcoda.flixter;
				PRODUCT_NAME = "$(TARGET_NAME)";
				SWIFT_VERSION = 5.0;
				TARGETED_DEVICE_FAMILY = "1,2";
			};
			name = Debug;
		};
		A1A638A625DB588200839952 /* Release */ = {
			isa = XCBuildConfiguration;
			baseConfigurationReference = B85A34C801A5306C3D9AAF82 /* Pods-flixter.release.xcconfig */;
			buildSettings = {
				ASSETCATALOG_COMPILER_APPICON_NAME = AppIcon;
				ASSETCATALOG_COMPILER_GLOBAL_ACCENT_COLOR_NAME = AccentColor;
				CODE_SIGN_STYLE = Automatic;
				INFOPLIST_FILE = flixter/Info.plist;
				LD_RUNPATH_SEARCH_PATHS = (
					"$(inherited)",
					"@executable_path/Frameworks",
				);
				PRODUCT_BUNDLE_IDENTIFIER = com.appcoda.flixter;
				PRODUCT_NAME = "$(TARGET_NAME)";
				SWIFT_VERSION = 5.0;
				TARGETED_DEVICE_FAMILY = "1,2";
			};
			name = Release;
		};
		A1A638A825DB588200839952 /* Debug */ = {
			isa = XCBuildConfiguration;
			baseConfigurationReference = DA315A090B3D56C212F3573E /* Pods-flixterTests.debug.xcconfig */;
			buildSettings = {
				ALWAYS_EMBED_SWIFT_STANDARD_LIBRARIES = YES;
				BUNDLE_LOADER = "$(TEST_HOST)";
				CODE_SIGN_STYLE = Automatic;
				INFOPLIST_FILE = flixterTests/Info.plist;
				IPHONEOS_DEPLOYMENT_TARGET = 14.4;
				LD_RUNPATH_SEARCH_PATHS = (
					"$(inherited)",
					"@executable_path/Frameworks",
					"@loader_path/Frameworks",
				);
				PRODUCT_BUNDLE_IDENTIFIER = com.appcoda.flixterTests;
				PRODUCT_NAME = "$(TARGET_NAME)";
				SWIFT_VERSION = 5.0;
				TARGETED_DEVICE_FAMILY = "1,2";
				TEST_HOST = "$(BUILT_PRODUCTS_DIR)/flixter.app/flixter";
			};
			name = Debug;
		};
		A1A638A925DB588200839952 /* Release */ = {
			isa = XCBuildConfiguration;
			baseConfigurationReference = D722CA16C9DD378BCD97E635 /* Pods-flixterTests.release.xcconfig */;
			buildSettings = {
				ALWAYS_EMBED_SWIFT_STANDARD_LIBRARIES = YES;
				BUNDLE_LOADER = "$(TEST_HOST)";
				CODE_SIGN_STYLE = Automatic;
				INFOPLIST_FILE = flixterTests/Info.plist;
				IPHONEOS_DEPLOYMENT_TARGET = 14.4;
				LD_RUNPATH_SEARCH_PATHS = (
					"$(inherited)",
					"@executable_path/Frameworks",
					"@loader_path/Frameworks",
				);
				PRODUCT_BUNDLE_IDENTIFIER = com.appcoda.flixterTests;
				PRODUCT_NAME = "$(TARGET_NAME)";
				SWIFT_VERSION = 5.0;
				TARGETED_DEVICE_FAMILY = "1,2";
				TEST_HOST = "$(BUILT_PRODUCTS_DIR)/flixter.app/flixter";
			};
			name = Release;
		};
		A1A638AB25DB588200839952 /* Debug */ = {
			isa = XCBuildConfiguration;
			baseConfigurationReference = 308FC6792F1C5C3ED2592502 /* Pods-flixter-flixterUITests.debug.xcconfig */;
			buildSettings = {
				ALWAYS_EMBED_SWIFT_STANDARD_LIBRARIES = YES;
				CODE_SIGN_STYLE = Automatic;
				INFOPLIST_FILE = flixterUITests/Info.plist;
				LD_RUNPATH_SEARCH_PATHS = (
					"$(inherited)",
					"@executable_path/Frameworks",
					"@loader_path/Frameworks",
				);
				PRODUCT_BUNDLE_IDENTIFIER = com.appcoda.flixterUITests;
				PRODUCT_NAME = "$(TARGET_NAME)";
				SWIFT_VERSION = 5.0;
				TARGETED_DEVICE_FAMILY = "1,2";
				TEST_TARGET_NAME = flixter;
			};
			name = Debug;
		};
		A1A638AC25DB588200839952 /* Release */ = {
			isa = XCBuildConfiguration;
			baseConfigurationReference = 96857DD2B53EC1BF02321D27 /* Pods-flixter-flixterUITests.release.xcconfig */;
			buildSettings = {
				ALWAYS_EMBED_SWIFT_STANDARD_LIBRARIES = YES;
				CODE_SIGN_STYLE = Automatic;
				INFOPLIST_FILE = flixterUITests/Info.plist;
				LD_RUNPATH_SEARCH_PATHS = (
					"$(inherited)",
					"@executable_path/Frameworks",
					"@loader_path/Frameworks",
				);
				PRODUCT_BUNDLE_IDENTIFIER = com.appcoda.flixterUITests;
				PRODUCT_NAME = "$(TARGET_NAME)";
				SWIFT_VERSION = 5.0;
				TARGETED_DEVICE_FAMILY = "1,2";
				TEST_TARGET_NAME = flixter;
			};
			name = Release;
		};
/* End XCBuildConfiguration section */

/* Begin XCConfigurationList section */
		A1A6387525DB587C00839952 /* Build configuration list for PBXProject "flixter" */ = {
			isa = XCConfigurationList;
			buildConfigurations = (
				A1A638A225DB588200839952 /* Debug */,
				A1A638A325DB588200839952 /* Release */,
			);
			defaultConfigurationIsVisible = 0;
			defaultConfigurationName = Release;
		};
		A1A638A425DB588200839952 /* Build configuration list for PBXNativeTarget "flixter" */ = {
			isa = XCConfigurationList;
			buildConfigurations = (
				A1A638A525DB588200839952 /* Debug */,
				A1A638A625DB588200839952 /* Release */,
			);
			defaultConfigurationIsVisible = 0;
			defaultConfigurationName = Release;
		};
		A1A638A725DB588200839952 /* Build configuration list for PBXNativeTarget "flixterTests" */ = {
			isa = XCConfigurationList;
			buildConfigurations = (
				A1A638A825DB588200839952 /* Debug */,
				A1A638A925DB588200839952 /* Release */,
			);
			defaultConfigurationIsVisible = 0;
			defaultConfigurationName = Release;
		};
		A1A638AA25DB588200839952 /* Build configuration list for PBXNativeTarget "flixterUITests" */ = {
			isa = XCConfigurationList;
			buildConfigurations = (
				A1A638AB25DB588200839952 /* Debug */,
				A1A638AC25DB588200839952 /* Release */,
			);
			defaultConfigurationIsVisible = 0;
			defaultConfigurationName = Release;
		};
/* End XCConfigurationList section */
	};
	rootObject = A1A6387225DB587C00839952 /* Project object */;
}
